
Microsoft Visual Studio Solution File, Format Version 12.00
# Visual Studio Version 17
VisualStudioVersion = 17.7.34031.279
MinimumVisualStudioVersion = 10.0.40219.1
Project("{FAE04EC0-301F-11D3-BF4B-00C04F79EFBC}") = "week5last", "week5last\week5last.csproj", "{39A3ED73-F559-4C70-A2EC-827195EE2BFD}"
EndProject
Global
	GlobalSection(SolutionConfigurationPlatforms) = preSolution
		Debug|Any CPU = Debug|Any CPU
		Release|Any CPU = Release|Any CPU
	EndGlobalSection
	GlobalSection(ProjectConfigurationPlatforms) = postSolution
		{39A3ED73-F559-4C70-A2EC-827195EE2BFD}.Debug|Any CPU.ActiveCfg = Debug|Any CPU
		{39A3ED73-F559-4C70-A2EC-827195EE2BFD}.Debug|Any CPU.Build.0 = Debug|Any CPU
		{39A3ED73-F559-4C70-A2EC-827195EE2BFD}.Release|Any CPU.ActiveCfg = Release|Any CPU
		{39A3ED73-F559-4C70-A2EC-827195EE2BFD}.Release|Any CPU.Build.0 = Release|Any CPU
	EndGlobalSection
	GlobalSection(SolutionProperties) = preSolution
		HideSolutionNode = FALSE
	EndGlobalSection
	GlobalSection(ExtensibilityGlobals) = postSolution
		SolutionGuid = {AD953482-D632-40C6-B1E6-80DA4E1A232A}
	EndGlobalSection
EndGlobal
